
Microsoft Visual Studio Solution File, Format Version 12.00
Project("{FAE04EC0-301F-11D3-BF4B-00C04F79EFBC}") = "GenericApiControllers", "GenericApiControllers.csproj", "{AD10BE08-5CA9-4915-8D34-26F6050B9EA2}"
EndProject
Global
	GlobalSection(SolutionConfigurationPlatforms) = preSolution
		Debug|Any CPU = Debug|Any CPU
		Release|Any CPU = Release|Any CPU
	EndGlobalSection
	GlobalSection(ProjectConfigurationPlatforms) = postSolution
		{AD10BE08-5CA9-4915-8D34-26F6050B9EA2}.Debug|Any CPU.ActiveCfg = Debug|Any CPU
		{AD10BE08-5CA9-4915-8D34-26F6050B9EA2}.Debug|Any CPU.Build.0 = Debug|Any CPU
		{AD10BE08-5CA9-4915-8D34-26F6050B9EA2}.Release|Any CPU.ActiveCfg = Release|Any CPU
		{AD10BE08-5CA9-4915-8D34-26F6050B9EA2}.Release|Any CPU.Build.0 = Release|Any CPU
	EndGlobalSection
EndGlobal
